
Microsoft Visual Studio Solution File, Format Version 12.00
# Visual Studio Version 16
VisualStudioVersion = 16.0.31613.86
MinimumVisualStudioVersion = 10.0.40219.1
Project("{FAE04EC0-301F-11D3-BF4B-00C04F79EFBC}") = "FootballManagerApi", "FootballManagerApi.csproj", "{CAE6467F-7838-4887-8488-BF38C7325E95}"
EndProject
Global
	GlobalSection(SolutionConfigurationPlatforms) = preSolution
		Debug|Any CPU = Debug|Any CPU
		Release|Any CPU = Release|Any CPU
	EndGlobalSection
	GlobalSection(ProjectConfigurationPlatforms) = postSolution
		{CAE6467F-7838-4887-8488-BF38C7325E95}.Debug|Any CPU.ActiveCfg = Debug|Any CPU
		{CAE6467F-7838-4887-8488-BF38C7325E95}.Debug|Any CPU.Build.0 = Debug|Any CPU
		{CAE6467F-7838-4887-8488-BF38C7325E95}.Release|Any CPU.ActiveCfg = Release|Any CPU
		{CAE6467F-7838-4887-8488-BF38C7325E95}.Release|Any CPU.Build.0 = Release|Any CPU
	EndGlobalSection
	GlobalSection(SolutionProperties) = preSolution
		HideSolutionNode = FALSE
	EndGlobalSection
	GlobalSection(ExtensibilityGlobals) = postSolution
		SolutionGuid = {3B567103-0D97-4525-B679-083F92C47F6C}
	EndGlobalSection
EndGlobal
